dependencies:
- name: redis
  repository: oci://registry-1.docker.io/bitnamicharts
  version: 20.13.4
- name: postgresql
  repository: oci://registry-1.docker.io/bitnamicharts
  version: 16.7.4
- name: minio
  repository: oci://registry-1.docker.io/bitnamicharts
  version: 16.0.10
- name: harbor
  repository: oci://registry-1.docker.io/bitnamicharts
  version: 24.6.1
- name: gitea
  repository: oci://registry-1.docker.io/bitnamicharts
  version: 3.2.7
- name: argo-cd
  repository: oci://registry-1.docker.io/bitnamicharts
  version: 7.3.7
- name: vault
  repository: oci://registry-1.docker.io/bitnamicharts
  version: 1.7.9
- name: litellm-helm
  repository: oci://ghcr.io/berriai
  version: 0.1.680
digest: sha256:379dbc81e910415ece8b7f7400df3edae8a6a08fdf9d659a96f4cdc2bfdd9485
generated: "2025-05-17T02:14:13.899271+09:00"
