dependencies:
- name: redis
  repository: oci://registry-1.docker.io/bitnamicharts
  version: 20.13.4
- name: postgresql
  repository: oci://registry-1.docker.io/bitnamicharts
  version: 16.6.6
- name: minio
  repository: oci://registry-1.docker.io/bitnamicharts
  version: 16.0.0
digest: sha256:5d9dc8e6afb9fc4c22549323ebc43d99f51a4f9a0128f861a237eb4845ec22a3
generated: "2025-05-11T11:03:55.545598+09:00"
