dependencies:
- name: redis
  repository: oci://registry-1.docker.io/bitnamicharts
  version: 20.13.4
- name: postgresql
  repository: oci://registry-1.docker.io/bitnamicharts
  version: 16.6.6
- name: minio
  repository: oci://registry-1.docker.io/bitnamicharts
  version: 16.0.0
- name: harbor
  repository: oci://registry-1.docker.io/bitnamicharts
  version: 24.5.0
- name: gitea
  repository: oci://registry-1.docker.io/bitnamicharts
  version: 3.2.3
- name: argo-cd
  repository: oci://registry-1.docker.io/bitnamicharts
  version: 7.3.2
- name: vault
  repository: oci://registry-1.docker.io/bitnamicharts
  version: 1.7.9
digest: sha256:9b5d2e4c36df7d28a3369edc7d988d6149e0d52c79914406f84f4f06cb29eb77
generated: "2025-05-15T19:30:05.028244+09:00"
